
Microsoft Visual Studio Solution File, Format Version 12.00
# Visual Studio Version 17
VisualStudioVersion = 17.4.33213.308
MinimumVisualStudioVersion = 10.0.40219.1
Project("{FAE04EC0-301F-11D3-BF4B-00C04F79EFBC}") = "PasswordGeneratorMVC", "PasswordGeneratorMVC\PasswordGeneratorMVC.csproj", "{DDD21552-AF31-40CB-8A7C-5B8F1A9E2357}"
EndProject
Global
	GlobalSection(SolutionConfigurationPlatforms) = preSolution
		Debug|Any CPU = Debug|Any CPU
		Release|Any CPU = Release|Any CPU
	EndGlobalSection
	GlobalSection(ProjectConfigurationPlatforms) = postSolution
		{DDD21552-AF31-40CB-8A7C-5B8F1A9E2357}.Debug|Any CPU.ActiveCfg = Debug|Any CPU
		{DDD21552-AF31-40CB-8A7C-5B8F1A9E2357}.Debug|Any CPU.Build.0 = Debug|Any CPU
		{DDD21552-AF31-40CB-8A7C-5B8F1A9E2357}.Release|Any CPU.ActiveCfg = Release|Any CPU
		{DDD21552-AF31-40CB-8A7C-5B8F1A9E2357}.Release|Any CPU.Build.0 = Release|Any CPU
	EndGlobalSection
	GlobalSection(SolutionProperties) = preSolution
		HideSolutionNode = FALSE
	EndGlobalSection
	GlobalSection(ExtensibilityGlobals) = postSolution
		SolutionGuid = {B30F30CE-F2E1-4C5A-9701-868D9DCBFA52}
	EndGlobalSection
EndGlobal
